
Microsoft Visual Studio Solution File, Format Version 12.00
# Visual Studio Version 17
VisualStudioVersion = 17.13.35919.96 d17.13
MinimumVisualStudioVersion = 10.0.40219.1
Project("{8BC9CEB8-8B4A-11D0-8D11-00A0C91BC942}") = "74", "74\74.vcxproj", "{D7728F44-8124-4E01-A838-BE37095BFC0B}"
EndProject
Global
	GlobalSection(SolutionConfigurationPlatforms) = preSolution
		Debug|x64 = Debug|x64
		Debug|x86 = Debug|x86
		Release|x64 = Release|x64
		Release|x86 = Release|x86
	EndGlobalSection
	GlobalSection(ProjectConfigurationPlatforms) = postSolution
		{D7728F44-8124-4E01-A838-BE37095BFC0B}.Debug|x64.ActiveCfg = Debug|x64
		{D7728F44-8124-4E01-A838-BE37095BFC0B}.Debug|x64.Build.0 = Debug|x64
		{D7728F44-8124-4E01-A838-BE37095BFC0B}.Debug|x86.ActiveCfg = Debug|Win32
		{D7728F44-8124-4E01-A838-BE37095BFC0B}.Debug|x86.Build.0 = Debug|Win32
		{D7728F44-8124-4E01-A838-BE37095BFC0B}.Release|x64.ActiveCfg = Release|x64
		{D7728F44-8124-4E01-A838-BE37095BFC0B}.Release|x64.Build.0 = Release|x64
		{D7728F44-8124-4E01-A838-BE37095BFC0B}.Release|x86.ActiveCfg = Release|Win32
		{D7728F44-8124-4E01-A838-BE37095BFC0B}.Release|x86.Build.0 = Release|Win32
	EndGlobalSection
	GlobalSection(SolutionProperties) = preSolution
		HideSolutionNode = FALSE
	EndGlobalSection
	GlobalSection(ExtensibilityGlobals) = postSolution
		SolutionGuid = {212B7738-CAD2-4530-8029-89F91FF878B3}
	EndGlobalSection
EndGlobal
