
Microsoft Visual Studio Solution File, Format Version 12.00
# Visual Studio Version 17
VisualStudioVersion = 17.13.35919.96 d17.13
MinimumVisualStudioVersion = 10.0.40219.1
Project("{8BC9CEB8-8B4A-11D0-8D11-00A0C91BC942}") = "46", "46\46.vcxproj", "{FD918733-DB05-48C1-AD32-6FDA8CA7A432}"
EndProject
Global
	GlobalSection(SolutionConfigurationPlatforms) = preSolution
		Debug|x64 = Debug|x64
		Debug|x86 = Debug|x86
		Release|x64 = Release|x64
		Release|x86 = Release|x86
	EndGlobalSection
	GlobalSection(ProjectConfigurationPlatforms) = postSolution
		{FD918733-DB05-48C1-AD32-6FDA8CA7A432}.Debug|x64.ActiveCfg = Debug|x64
		{FD918733-DB05-48C1-AD32-6FDA8CA7A432}.Debug|x64.Build.0 = Debug|x64
		{FD918733-DB05-48C1-AD32-6FDA8CA7A432}.Debug|x86.ActiveCfg = Debug|Win32
		{FD918733-DB05-48C1-AD32-6FDA8CA7A432}.Debug|x86.Build.0 = Debug|Win32
		{FD918733-DB05-48C1-AD32-6FDA8CA7A432}.Release|x64.ActiveCfg = Release|x64
		{FD918733-DB05-48C1-AD32-6FDA8CA7A432}.Release|x64.Build.0 = Release|x64
		{FD918733-DB05-48C1-AD32-6FDA8CA7A432}.Release|x86.ActiveCfg = Release|Win32
		{FD918733-DB05-48C1-AD32-6FDA8CA7A432}.Release|x86.Build.0 = Release|Win32
	EndGlobalSection
	GlobalSection(SolutionProperties) = preSolution
		HideSolutionNode = FALSE
	EndGlobalSection
	GlobalSection(ExtensibilityGlobals) = postSolution
		SolutionGuid = {6ADE605C-FBD1-46B3-B82F-93E97F59CA3A}
	EndGlobalSection
EndGlobal
