
Microsoft Visual Studio Solution File, Format Version 12.00
# Visual Studio Version 17
VisualStudioVersion = 17.13.35919.96 d17.13
MinimumVisualStudioVersion = 10.0.40219.1
Project("{8BC9CEB8-8B4A-11D0-8D11-00A0C91BC942}") = "92", "92\92.vcxproj", "{BE59F214-0CFA-4E80-BA05-4F45975E1335}"
EndProject
Global
	GlobalSection(SolutionConfigurationPlatforms) = preSolution
		Debug|x64 = Debug|x64
		Debug|x86 = Debug|x86
		Release|x64 = Release|x64
		Release|x86 = Release|x86
	EndGlobalSection
	GlobalSection(ProjectConfigurationPlatforms) = postSolution
		{BE59F214-0CFA-4E80-BA05-4F45975E1335}.Debug|x64.ActiveCfg = Debug|x64
		{BE59F214-0CFA-4E80-BA05-4F45975E1335}.Debug|x64.Build.0 = Debug|x64
		{BE59F214-0CFA-4E80-BA05-4F45975E1335}.Debug|x86.ActiveCfg = Debug|Win32
		{BE59F214-0CFA-4E80-BA05-4F45975E1335}.Debug|x86.Build.0 = Debug|Win32
		{BE59F214-0CFA-4E80-BA05-4F45975E1335}.Release|x64.ActiveCfg = Release|x64
		{BE59F214-0CFA-4E80-BA05-4F45975E1335}.Release|x64.Build.0 = Release|x64
		{BE59F214-0CFA-4E80-BA05-4F45975E1335}.Release|x86.ActiveCfg = Release|Win32
		{BE59F214-0CFA-4E80-BA05-4F45975E1335}.Release|x86.Build.0 = Release|Win32
	EndGlobalSection
	GlobalSection(SolutionProperties) = preSolution
		HideSolutionNode = FALSE
	EndGlobalSection
	GlobalSection(ExtensibilityGlobals) = postSolution
		SolutionGuid = {D0C9D455-61E5-4D5C-AD45-232B1C39A33E}
	EndGlobalSection
EndGlobal
