
Microsoft Visual Studio Solution File, Format Version 12.00
# Visual Studio Version 17
VisualStudioVersion = 17.13.35919.96 d17.13
MinimumVisualStudioVersion = 10.0.40219.1
Project("{8BC9CEB8-8B4A-11D0-8D11-00A0C91BC942}") = "70", "70\70.vcxproj", "{FC94A7B5-4B99-4AF3-9AE5-6DF138822D07}"
EndProject
Global
	GlobalSection(SolutionConfigurationPlatforms) = preSolution
		Debug|x64 = Debug|x64
		Debug|x86 = Debug|x86
		Release|x64 = Release|x64
		Release|x86 = Release|x86
	EndGlobalSection
	GlobalSection(ProjectConfigurationPlatforms) = postSolution
		{FC94A7B5-4B99-4AF3-9AE5-6DF138822D07}.Debug|x64.ActiveCfg = Debug|x64
		{FC94A7B5-4B99-4AF3-9AE5-6DF138822D07}.Debug|x64.Build.0 = Debug|x64
		{FC94A7B5-4B99-4AF3-9AE5-6DF138822D07}.Debug|x86.ActiveCfg = Debug|Win32
		{FC94A7B5-4B99-4AF3-9AE5-6DF138822D07}.Debug|x86.Build.0 = Debug|Win32
		{FC94A7B5-4B99-4AF3-9AE5-6DF138822D07}.Release|x64.ActiveCfg = Release|x64
		{FC94A7B5-4B99-4AF3-9AE5-6DF138822D07}.Release|x64.Build.0 = Release|x64
		{FC94A7B5-4B99-4AF3-9AE5-6DF138822D07}.Release|x86.ActiveCfg = Release|Win32
		{FC94A7B5-4B99-4AF3-9AE5-6DF138822D07}.Release|x86.Build.0 = Release|Win32
	EndGlobalSection
	GlobalSection(SolutionProperties) = preSolution
		HideSolutionNode = FALSE
	EndGlobalSection
	GlobalSection(ExtensibilityGlobals) = postSolution
		SolutionGuid = {62DFAC91-30F2-4ABF-95B3-40A596702AD6}
	EndGlobalSection
EndGlobal
