
Microsoft Visual Studio Solution File, Format Version 12.00
# Visual Studio Version 17
VisualStudioVersion = 17.13.35919.96 d17.13
MinimumVisualStudioVersion = 10.0.40219.1
Project("{8BC9CEB8-8B4A-11D0-8D11-00A0C91BC942}") = "79", "79\79.vcxproj", "{FEE1D1FE-57F3-4C6B-B5B3-12832DF23B07}"
EndProject
Global
	GlobalSection(SolutionConfigurationPlatforms) = preSolution
		Debug|x64 = Debug|x64
		Debug|x86 = Debug|x86
		Release|x64 = Release|x64
		Release|x86 = Release|x86
	EndGlobalSection
	GlobalSection(ProjectConfigurationPlatforms) = postSolution
		{FEE1D1FE-57F3-4C6B-B5B3-12832DF23B07}.Debug|x64.ActiveCfg = Debug|x64
		{FEE1D1FE-57F3-4C6B-B5B3-12832DF23B07}.Debug|x64.Build.0 = Debug|x64
		{FEE1D1FE-57F3-4C6B-B5B3-12832DF23B07}.Debug|x86.ActiveCfg = Debug|Win32
		{FEE1D1FE-57F3-4C6B-B5B3-12832DF23B07}.Debug|x86.Build.0 = Debug|Win32
		{FEE1D1FE-57F3-4C6B-B5B3-12832DF23B07}.Release|x64.ActiveCfg = Release|x64
		{FEE1D1FE-57F3-4C6B-B5B3-12832DF23B07}.Release|x64.Build.0 = Release|x64
		{FEE1D1FE-57F3-4C6B-B5B3-12832DF23B07}.Release|x86.ActiveCfg = Release|Win32
		{FEE1D1FE-57F3-4C6B-B5B3-12832DF23B07}.Release|x86.Build.0 = Release|Win32
	EndGlobalSection
	GlobalSection(SolutionProperties) = preSolution
		HideSolutionNode = FALSE
	EndGlobalSection
	GlobalSection(ExtensibilityGlobals) = postSolution
		SolutionGuid = {4A2A3437-903E-4BC8-A97B-D7658175CC52}
	EndGlobalSection
EndGlobal
