
Microsoft Visual Studio Solution File, Format Version 12.00
# Visual Studio Version 17
VisualStudioVersion = 17.13.35919.96 d17.13
MinimumVisualStudioVersion = 10.0.40219.1
Project("{8BC9CEB8-8B4A-11D0-8D11-00A0C91BC942}") = "2", "2\2.vcxproj", "{2576D8EC-3F0A-40A4-BE17-B117E47A64EB}"
EndProject
Global
	GlobalSection(SolutionConfigurationPlatforms) = preSolution
		Debug|x64 = Debug|x64
		Debug|x86 = Debug|x86
		Release|x64 = Release|x64
		Release|x86 = Release|x86
	EndGlobalSection
	GlobalSection(ProjectConfigurationPlatforms) = postSolution
		{2576D8EC-3F0A-40A4-BE17-B117E47A64EB}.Debug|x64.ActiveCfg = Debug|x64
		{2576D8EC-3F0A-40A4-BE17-B117E47A64EB}.Debug|x64.Build.0 = Debug|x64
		{2576D8EC-3F0A-40A4-BE17-B117E47A64EB}.Debug|x86.ActiveCfg = Debug|Win32
		{2576D8EC-3F0A-40A4-BE17-B117E47A64EB}.Debug|x86.Build.0 = Debug|Win32
		{2576D8EC-3F0A-40A4-BE17-B117E47A64EB}.Release|x64.ActiveCfg = Release|x64
		{2576D8EC-3F0A-40A4-BE17-B117E47A64EB}.Release|x64.Build.0 = Release|x64
		{2576D8EC-3F0A-40A4-BE17-B117E47A64EB}.Release|x86.ActiveCfg = Release|Win32
		{2576D8EC-3F0A-40A4-BE17-B117E47A64EB}.Release|x86.Build.0 = Release|Win32
	EndGlobalSection
	GlobalSection(SolutionProperties) = preSolution
		HideSolutionNode = FALSE
	EndGlobalSection
	GlobalSection(ExtensibilityGlobals) = postSolution
		SolutionGuid = {7DD7C1CD-7EF9-41C5-8A1C-F8BFB818D3EA}
	EndGlobalSection
EndGlobal
