
Microsoft Visual Studio Solution File, Format Version 12.00
# Visual Studio Version 17
VisualStudioVersion = 17.13.35919.96 d17.13
MinimumVisualStudioVersion = 10.0.40219.1
Project("{8BC9CEB8-8B4A-11D0-8D11-00A0C91BC942}") = "52", "52\52.vcxproj", "{3BBA2306-6EFF-40B5-8D54-EC0D7359BD8E}"
EndProject
Global
	GlobalSection(SolutionConfigurationPlatforms) = preSolution
		Debug|x64 = Debug|x64
		Debug|x86 = Debug|x86
		Release|x64 = Release|x64
		Release|x86 = Release|x86
	EndGlobalSection
	GlobalSection(ProjectConfigurationPlatforms) = postSolution
		{3BBA2306-6EFF-40B5-8D54-EC0D7359BD8E}.Debug|x64.ActiveCfg = Debug|x64
		{3BBA2306-6EFF-40B5-8D54-EC0D7359BD8E}.Debug|x64.Build.0 = Debug|x64
		{3BBA2306-6EFF-40B5-8D54-EC0D7359BD8E}.Debug|x86.ActiveCfg = Debug|Win32
		{3BBA2306-6EFF-40B5-8D54-EC0D7359BD8E}.Debug|x86.Build.0 = Debug|Win32
		{3BBA2306-6EFF-40B5-8D54-EC0D7359BD8E}.Release|x64.ActiveCfg = Release|x64
		{3BBA2306-6EFF-40B5-8D54-EC0D7359BD8E}.Release|x64.Build.0 = Release|x64
		{3BBA2306-6EFF-40B5-8D54-EC0D7359BD8E}.Release|x86.ActiveCfg = Release|Win32
		{3BBA2306-6EFF-40B5-8D54-EC0D7359BD8E}.Release|x86.Build.0 = Release|Win32
	EndGlobalSection
	GlobalSection(SolutionProperties) = preSolution
		HideSolutionNode = FALSE
	EndGlobalSection
	GlobalSection(ExtensibilityGlobals) = postSolution
		SolutionGuid = {6C487C24-7EA9-47C8-A95D-6A73C374564C}
	EndGlobalSection
EndGlobal
