
Microsoft Visual Studio Solution File, Format Version 12.00
# Visual Studio Version 17
VisualStudioVersion = 17.13.35919.96 d17.13
MinimumVisualStudioVersion = 10.0.40219.1
Project("{8BC9CEB8-8B4A-11D0-8D11-00A0C91BC942}") = "10", "10\10.vcxproj", "{B734F627-9221-47CB-9406-A27E3C15CABE}"
EndProject
Global
	GlobalSection(SolutionConfigurationPlatforms) = preSolution
		Debug|x64 = Debug|x64
		Debug|x86 = Debug|x86
		Release|x64 = Release|x64
		Release|x86 = Release|x86
	EndGlobalSection
	GlobalSection(ProjectConfigurationPlatforms) = postSolution
		{B734F627-9221-47CB-9406-A27E3C15CABE}.Debug|x64.ActiveCfg = Debug|x64
		{B734F627-9221-47CB-9406-A27E3C15CABE}.Debug|x64.Build.0 = Debug|x64
		{B734F627-9221-47CB-9406-A27E3C15CABE}.Debug|x86.ActiveCfg = Debug|Win32
		{B734F627-9221-47CB-9406-A27E3C15CABE}.Debug|x86.Build.0 = Debug|Win32
		{B734F627-9221-47CB-9406-A27E3C15CABE}.Release|x64.ActiveCfg = Release|x64
		{B734F627-9221-47CB-9406-A27E3C15CABE}.Release|x64.Build.0 = Release|x64
		{B734F627-9221-47CB-9406-A27E3C15CABE}.Release|x86.ActiveCfg = Release|Win32
		{B734F627-9221-47CB-9406-A27E3C15CABE}.Release|x86.Build.0 = Release|Win32
	EndGlobalSection
	GlobalSection(SolutionProperties) = preSolution
		HideSolutionNode = FALSE
	EndGlobalSection
	GlobalSection(ExtensibilityGlobals) = postSolution
		SolutionGuid = {BFCD93AF-18AC-4515-8D40-08448D0EBA8A}
	EndGlobalSection
EndGlobal
