
Microsoft Visual Studio Solution File, Format Version 12.00
# Visual Studio Version 17
VisualStudioVersion = 17.13.35919.96 d17.13
MinimumVisualStudioVersion = 10.0.40219.1
Project("{8BC9CEB8-8B4A-11D0-8D11-00A0C91BC942}") = "3.2025.3.27", "3.2025.3.27\3.2025.3.27.vcxproj", "{B10096B3-94CF-4B9E-9A04-35B951D9C5EC}"
EndProject
Global
	GlobalSection(SolutionConfigurationPlatforms) = preSolution
		Debug|x64 = Debug|x64
		Debug|x86 = Debug|x86
		Release|x64 = Release|x64
		Release|x86 = Release|x86
	EndGlobalSection
	GlobalSection(ProjectConfigurationPlatforms) = postSolution
		{B10096B3-94CF-4B9E-9A04-35B951D9C5EC}.Debug|x64.ActiveCfg = Debug|x64
		{B10096B3-94CF-4B9E-9A04-35B951D9C5EC}.Debug|x64.Build.0 = Debug|x64
		{B10096B3-94CF-4B9E-9A04-35B951D9C5EC}.Debug|x86.ActiveCfg = Debug|Win32
		{B10096B3-94CF-4B9E-9A04-35B951D9C5EC}.Debug|x86.Build.0 = Debug|Win32
		{B10096B3-94CF-4B9E-9A04-35B951D9C5EC}.Release|x64.ActiveCfg = Release|x64
		{B10096B3-94CF-4B9E-9A04-35B951D9C5EC}.Release|x64.Build.0 = Release|x64
		{B10096B3-94CF-4B9E-9A04-35B951D9C5EC}.Release|x86.ActiveCfg = Release|Win32
		{B10096B3-94CF-4B9E-9A04-35B951D9C5EC}.Release|x86.Build.0 = Release|Win32
	EndGlobalSection
	GlobalSection(SolutionProperties) = preSolution
		HideSolutionNode = FALSE
	EndGlobalSection
	GlobalSection(ExtensibilityGlobals) = postSolution
		SolutionGuid = {8C86EE5D-C549-4B5C-8DAA-32DB9F8EA31F}
	EndGlobalSection
EndGlobal
