
Microsoft Visual Studio Solution File, Format Version 12.00
# Visual Studio Version 17
VisualStudioVersion = 17.13.35919.96 d17.13
MinimumVisualStudioVersion = 10.0.40219.1
Project("{8BC9CEB8-8B4A-11D0-8D11-00A0C91BC942}") = "15", "15\15.vcxproj", "{01C76071-0D20-4675-A74A-405914905595}"
EndProject
Global
	GlobalSection(SolutionConfigurationPlatforms) = preSolution
		Debug|x64 = Debug|x64
		Debug|x86 = Debug|x86
		Release|x64 = Release|x64
		Release|x86 = Release|x86
	EndGlobalSection
	GlobalSection(ProjectConfigurationPlatforms) = postSolution
		{01C76071-0D20-4675-A74A-405914905595}.Debug|x64.ActiveCfg = Debug|x64
		{01C76071-0D20-4675-A74A-405914905595}.Debug|x64.Build.0 = Debug|x64
		{01C76071-0D20-4675-A74A-405914905595}.Debug|x86.ActiveCfg = Debug|Win32
		{01C76071-0D20-4675-A74A-405914905595}.Debug|x86.Build.0 = Debug|Win32
		{01C76071-0D20-4675-A74A-405914905595}.Release|x64.ActiveCfg = Release|x64
		{01C76071-0D20-4675-A74A-405914905595}.Release|x64.Build.0 = Release|x64
		{01C76071-0D20-4675-A74A-405914905595}.Release|x86.ActiveCfg = Release|Win32
		{01C76071-0D20-4675-A74A-405914905595}.Release|x86.Build.0 = Release|Win32
	EndGlobalSection
	GlobalSection(SolutionProperties) = preSolution
		HideSolutionNode = FALSE
	EndGlobalSection
	GlobalSection(ExtensibilityGlobals) = postSolution
		SolutionGuid = {A8B089C6-CEA2-4A08-87FF-2CDC5F8DCE1D}
	EndGlobalSection
EndGlobal
